
Microsoft Visual Studio Solution File, Format Version 12.00
# Visual Studio Version 17
VisualStudioVersion = 17.7.34024.191
MinimumVisualStudioVersion = 10.0.40219.1
Project("{FAE04EC0-301F-11D3-BF4B-00C04F79EFBC}") = "Skyscraper", "Skyscraper.csproj", "{7409E4D4-55F1-469C-9D8F-DFC9417341CA}"
EndProject
Global
	GlobalSection(SolutionConfigurationPlatforms) = preSolution
		Debug|Any CPU = Debug|Any CPU
		Release|Any CPU = Release|Any CPU
	EndGlobalSection
	GlobalSection(ProjectConfigurationPlatforms) = postSolution
		{7409E4D4-55F1-469C-9D8F-DFC9417341CA}.Debug|Any CPU.ActiveCfg = Debug|Any CPU
		{7409E4D4-55F1-469C-9D8F-DFC9417341CA}.Debug|Any CPU.Build.0 = Debug|Any CPU
		{7409E4D4-55F1-469C-9D8F-DFC9417341CA}.Release|Any CPU.ActiveCfg = Release|Any CPU
		{7409E4D4-55F1-469C-9D8F-DFC9417341CA}.Release|Any CPU.Build.0 = Release|Any CPU
	EndGlobalSection
	GlobalSection(SolutionProperties) = preSolution
		HideSolutionNode = FALSE
	EndGlobalSection
	GlobalSection(ExtensibilityGlobals) = postSolution
		SolutionGuid = {01D12589-CFAA-4B6E-97AC-AE0907DFAC1A}
	EndGlobalSection
EndGlobal
